
Microsoft Visual Studio Solution File, Format Version 11.00
# Visual Basic Express 2010
Project("{F184B08F-C81C-45F6-A57F-5ABD9991F28F}") = "KaderliS_SoftIce", "KaderliS_SoftIce\KaderliS_SoftIce.vbproj", "{45EC8F75-5461-43DB-9A9D-65252625BE67}"
EndProject
Global
	GlobalSection(SolutionConfigurationPlatforms) = preSolution
		Debug|x86 = Debug|x86
		Release|x86 = Release|x86
	EndGlobalSection
	GlobalSection(ProjectConfigurationPlatforms) = postSolution
		{45EC8F75-5461-43DB-9A9D-65252625BE67}.Debug|x86.ActiveCfg = Debug|x86
		{45EC8F75-5461-43DB-9A9D-65252625BE67}.Debug|x86.Build.0 = Debug|x86
		{45EC8F75-5461-43DB-9A9D-65252625BE67}.Release|x86.ActiveCfg = Release|x86
		{45EC8F75-5461-43DB-9A9D-65252625BE67}.Release|x86.Build.0 = Release|x86
	EndGlobalSection
	GlobalSection(SolutionProperties) = preSolution
		HideSolutionNode = FALSE
	EndGlobalSection
EndGlobal
